// !$*UTF8*$!
{
	archiveVersion = 1;
	classes = {
	};
	objectVersion = 56;
	objects = {

/* Begin PBXBuildFile section */
		DD33D11F29E5F41600BC88E0 /* MovieModel.swift in Sources */ = {isa = PBXBuildFile; fileRef = DD33D11E29E5F41600BC88E0 /* MovieModel.swift */; };
		DDFFFB7129DB733A0044127A /* AppDelegate.swift in Sources */ = {isa = PBXBuildFile; fileRef = DDFFFB7029DB733A0044127A /* AppDelegate.swift */; };
		DDFFFB7329DB733A0044127A /* SceneDelegate.swift in Sources */ = {isa = PBXBuildFile; fileRef = DDFFFB7229DB733A0044127A /* SceneDelegate.swift */; };
		DDFFFB7529DB733A0044127A /* ViewController.swift in Sources */ = {isa = PBXBuildFile; fileRef = DDFFFB7429DB733A0044127A /* ViewController.swift */; };
		DDFFFB7829DB733A0044127A /* Main.storyboard in Resources */ = {isa = PBXBuildFile; fileRef = DDFFFB7629DB733A0044127A /* Main.storyboard */; };
		DDFFFB7A29DB733D0044127A /* Assets.xcassets in Resources */ = {isa = PBXBuildFile; fileRef = DDFFFB7929DB733D0044127A /* Assets.xcassets */; };
		DDFFFB7D29DB733D0044127A /* LaunchScreen.storyboard in Resources */ = {isa = PBXBuildFile; fileRef = DDFFFB7B29DB733D0044127A /* LaunchScreen.storyboard */; };
		DDFFFB8629DB8E3B0044127A /* MovieTableViewCell.swift in Sources */ = {isa = PBXBuildFile; fileRef = DDFFFB8429DB8E3B0044127A /* MovieTableViewCell.swift */; };
		DDFFFB8729DB8E3B0044127A /* MovieTableViewCell.xib in Resources */ = {isa = PBXBuildFile; fileRef = DDFFFB8529DB8E3B0044127A /* MovieTableViewCell.xib */; };
/* End PBXBuildFile section */

/* Begin PBXFileReference section */
		DD33D11E29E5F41600BC88E0 /* MovieModel.swift */ = {isa = PBXFileReference; lastKnownFileType = sourcecode.swift; path = MovieModel.swift; sourceTree = "<group>"; };
		DDFFFB6D29DB733A0044127A /* Movie Searcher.app */ = {isa = PBXFileReference; explicitFileType = wrapper.application; includeInIndex = 0; path = "Movie Searcher.app"; sourceTree = BUILT_PRODUCTS_DIR; };
		DDFFFB7029DB733A0044127A /* AppDelegate.swift */ = {isa = PBXFileReference; lastKnownFileType = sourcecode.swift; path = AppDelegate.swift; sourceTree = "<group>"; };
		DDFFFB7229DB733A0044127A /* SceneDelegate.swift */ = {isa = PBXFileReference; lastKnownFileType = sourcecode.swift; path = SceneDelegate.swift; sourceTree = "<group>"; };
		DDFFFB7429DB733A0044127A /* ViewController.swift */ = {isa = PBXFileReference; lastKnownFileType = sourcecode.swift; path = ViewController.swift; sourceTree = "<group>"; };
		DDFFFB7729DB733A0044127A /* Base */ = {isa = PBXFileReference; lastKnownFileType = file.storyboard; name = Base; path = Base.lproj/Main.storyboard; sourceTree = "<group>"; };
		DDFFFB7929DB733D0044127A /* Assets.xcassets */ = {isa = PBXFileReference; lastKnownFileType = folder.assetcatalog; path = Assets.xcassets; sourceTree = "<group>"; };
		DDFFFB7C29DB733D0044127A /* Base */ = {isa = PBXFileReference; lastKnownFileType = file.storyboard; name = Base; path = Base.lproj/LaunchScreen.storyboard; sourceTree = "<group>"; };
		DDFFFB7E29DB733D0044127A /* Info.plist */ = {isa = PBXFileReference; lastKnownFileType = text.plist.xml; path = Info.plist; sourceTree = "<group>"; };
		DDFFFB8429DB8E3B0044127A /* MovieTableViewCell.swift */ = {isa = PBXFileReference; lastKnownFileType = sourcecode.swift; path = MovieTableViewCell.swift; sourceTree = "<group>"; };
		DDFFFB8529DB8E3B0044127A /* MovieTableViewCell.xib */ = {isa = PBXFileReference; lastKnownFileType = file.xib; path = MovieTableViewCell.xib; sourceTree = "<group>"; };
/* End PBXFileReference section */

/* Begin PBXFrameworksBuildPhase section */
		DDFFFB6A29DB733A0044127A /* Frameworks */ = {
			isa = PBXFrameworksBuildPhase;
			buildActionMask = 2147483647;
			files = (
			);
			runOnlyForDeploymentPostprocessing = 0;
		};
/* End PBXFrameworksBuildPhase section */

/* Begin PBXGroup section */
		DD33D11D29E5F3E000BC88E0 /* Models */ = {
			isa = PBXGroup;
			children = (
				DD33D11E29E5F41600BC88E0 /* MovieModel.swift */,
			);
			path = Models;
			sourceTree = "<group>";
		};
		DDFFFB6429DB733A0044127A = {
			isa = PBXGroup;
			children = (
				DDFFFB6F29DB733A0044127A /* Movie Searcher */,
				DDFFFB6E29DB733A0044127A /* Products */,
			);
			sourceTree = "<group>";
		};
		DDFFFB6E29DB733A0044127A /* Products */ = {
			isa = PBXGroup;
			children = (
				DDFFFB6D29DB733A0044127A /* Movie Searcher.app */,
			);
			name = Products;
			sourceTree = "<group>";
		};
		DDFFFB6F29DB733A0044127A /* Movie Searcher */ = {
			isa = PBXGroup;
			children = (
				DD33D11D29E5F3E000BC88E0 /* Models */,
				DDFFFB7029DB733A0044127A /* AppDelegate.swift */,
				DDFFFB7229DB733A0044127A /* SceneDelegate.swift */,
				DDFFFB7429DB733A0044127A /* ViewController.swift */,
				DDFFFB7629DB733A0044127A /* Main.storyboard */,
				DDFFFB7929DB733D0044127A /* Assets.xcassets */,
				DDFFFB7B29DB733D0044127A /* LaunchScreen.storyboard */,
				DDFFFB7E29DB733D0044127A /* Info.plist */,
				DDFFFB8429DB8E3B0044127A /* MovieTableViewCell.swift */,
				DDFFFB8529DB8E3B0044127A /* MovieTableViewCell.xib */,
			);
			path = "Movie Searcher";
			sourceTree = "<group>";
		};
/* End PBXGroup section */

/* Begin PBXNativeTarget section */
		DDFFFB6C29DB733A0044127A /* Movie Searcher */ = {
			isa = PBXNativeTarget;
			buildConfigurationList = DDFFFB8129DB733D0044127A /* Build configuration list for PBXNativeTarget "Movie Searcher" */;
			buildPhases = (
				DDFFFB6929DB733A0044127A /* Sources */,
				DDFFFB6A29DB733A0044127A /* Frameworks */,
				DDFFFB6B29DB733A0044127A /* Resources */,
			);
			buildRules = (
			);
			dependencies = (
			);
			name = "Movie Searcher";
			productName = "Movie Searcher";
			productReference = DDFFFB6D29DB733A0044127A /* Movie Searcher.app */;
			productType = "com.apple.product-type.application";
		};
/* End PBXNativeTarget section */

/* Begin PBXProject section */
		DDFFFB6529DB733A0044127A /* Project object */ = {
			isa = PBXProject;
			attributes = {
				BuildIndependentTargetsInParallel = 1;
				LastSwiftUpdateCheck = 1430;
				LastUpgradeCheck = 1430;
				TargetAttributes = {
					DDFFFB6C29DB733A0044127A = {
						CreatedOnToolsVersion = 14.3;
					};
				};
			};
			buildConfigurationList = DDFFFB6829DB733A0044127A /* Build configuration list for PBXProject "Movie Searcher" */;
			compatibilityVersion = "Xcode 14.0";
			developmentRegion = en;
			hasScannedForEncodings = 0;
			knownRegions = (
				en,
				Base,
			);
			mainGroup = DDFFFB6429DB733A0044127A;
			productRefGroup = DDFFFB6E29DB733A0044127A /* Products */;
			projectDirPath = "";
			projectRoot = "";
			targets = (
				DDFFFB6C29DB733A0044127A /* Movie Searcher */,
			);
		};
/* End PBXProject section */

/* Begin PBXResourcesBuildPhase section */
		DDFFFB6B29DB733A0044127A /* Resources */ = {
			isa = PBXResourcesBuildPhase;
			buildActionMask = 2147483647;
			files = (
				DDFFFB7D29DB733D0044127A /* LaunchScreen.storyboard in Resources */,
				DDFFFB7A29DB733D0044127A /* Assets.xcassets in Resources */,
				DDFFFB8729DB8E3B0044127A /* MovieTableViewCell.xib in Resources */,
				DDFFFB7829DB733A0044127A /* Main.storyboard in Resources */,
			);
			runOnlyForDeploymentPostprocessing = 0;
		};
/* End PBXResourcesBuildPhase section */

/* Begin PBXSourcesBuildPhase section */
		DDFFFB6929DB733A0044127A /* Sources */ = {
			isa = PBXSourcesBuildPhase;
			buildActionMask = 2147483647;
			files = (
				DDFFFB7529DB733A0044127A /* ViewController.swift in Sources */,
				DDFFFB7129DB733A0044127A /* AppDelegate.swift in Sources */,
				DD33D11F29E5F41600BC88E0 /* MovieModel.swift in Sources */,
				DDFFFB8629DB8E3B0044127A /* MovieTableViewCell.swift in Sources */,
				DDFFFB7329DB733A0044127A /* SceneDelegate.swift in Sources */,
			);
			runOnlyForDeploymentPostprocessing = 0;
		};
/* End PBXSourcesBuildPhase section */

/* Begin PBXVariantGroup section */
		DDFFFB7629DB733A0044127A /* Main.storyboard */ = {
			isa = PBXVariantGroup;
			children = (
				DDFFFB7729DB733A0044127A /* Base */,
			);
			name = Main.storyboard;
			sourceTree = "<group>";
		};
		DDFFFB7B29DB733D0044127A /* LaunchScreen.storyboard */ = {
			isa = PBXVariantGroup;
			children = (
				DDFFFB7C29DB733D0044127A /* Base */,
			);
			name = LaunchScreen.storyboard;
			sourceTree = "<group>";
		};
/* End PBXVariantGroup section */

/* Begin XCBuildConfiguration section */
		DDFFFB7F29DB733D0044127A /* Debug */ = {
			isa = XCBuildConfiguration;
			buildSettings = {
				ALWAYS_SEARCH_USER_PATHS = NO;
				CLANG_ANALYZER_NONNULL = YES;
				CLANG_ANALYZER_NUMBER_OBJECT_CONVERSION = YES_AGGRESSIVE;
				CLANG_CXX_LANGUAGE_STANDARD = "gnu++20";
				CLANG_ENABLE_MODULES = YES;
				CLANG_ENABLE_OBJC_ARC = YES;
				CLANG_ENABLE_OBJC_WEAK = YES;
				CLANG_WARN_BLOCK_CAPTURE_AUTORELEASING = YES;
				CLANG_WARN_BOOL_CONVERSION = YES;
				CLANG_WARN_COMMA = YES;
				CLANG_WARN_CONSTANT_CONVERSION = YES;
				CLANG_WARN_DEPRECATED_OBJC_IMPLEMENTATIONS = YES;
				CLANG_WARN_DIRECT_OBJC_ISA_USAGE = YES_ERROR;
				CLANG_WARN_DOCUMENTATION_COMMENTS = YES;
				CLANG_WARN_EMPTY_BODY = YES;
				CLANG_WARN_ENUM_CONVERSION = YES;
				CLANG_WARN_INFINITE_RECURSION = YES;
				CLANG_WARN_INT_CONVERSION = YES;
				CLANG_WARN_NON_LITERAL_NULL_CONVERSION = YES;
				CLANG_WARN_OBJC_IMPLICIT_RETAIN_SELF = YES;
				CLANG_WARN_OBJC_LITERAL_CONVERSION = YES;
				CLANG_WARN_OBJC_ROOT_CLASS = YES_ERROR;
				CLANG_WARN_QUOTED_INCLUDE_IN_FRAMEWORK_HEADER = YES;
				CLANG_WARN_RANGE_LOOP_ANALYSIS = YES;
				CLANG_WARN_STRICT_PROTOTYPES = YES;
				CLANG_WARN_SUSPICIOUS_MOVE = YES;
				CLANG_WARN_UNGUARDED_AVAILABILITY = YES_AGGRESSIVE;
				CLANG_WARN_UNREACHABLE_CODE = YES;
				CLANG_WARN__DUPLICATE_METHOD_MATCH = YES;
				COPY_PHASE_STRIP = NO;
				DEBUG_INFORMATION_FORMAT = dwarf;
				ENABLE_STRICT_OBJC_MSGSEND = YES;
				ENABLE_TESTABILITY = YES;
				GCC_C_LANGUAGE_STANDARD = gnu11;
				GCC_DYNAMIC_NO_PIC = NO;
				GCC_NO_COMMON_BLOCKS = YES;
				GCC_OPTIMIZATION_LEVEL = 0;
				GCC_PREPROCESSOR_DEFINITIONS = (
					"DEBUG=1",
					"$(inherited)",
				);
				GCC_WARN_64_TO_32_BIT_CONVERSION = YES;
				GCC_WARN_ABOUT_RETURN_TYPE = YES_ERROR;
				GCC_WARN_UNDECLARED_SELECTOR = YES;
				GCC_WARN_UNINITIALIZED_AUTOS = YES_AGGRESSIVE;
				GCC_WARN_UNUSED_FUNCTION = YES;
				GCC_WARN_UNUSED_VARIABLE = YES;
				IPHONEOS_DEPLOYMENT_TARGET = 16.4;
				MTL_ENABLE_DEBUG_INFO = INCLUDE_SOURCE;
				MTL_FAST_MATH = YES;
				ONLY_ACTIVE_ARCH = YES;
				SDKROOT = iphoneos;
				SWIFT_ACTIVE_COMPILATION_CONDITIONS = DEBUG;
				SWIFT_OPTIMIZATION_LEVEL = "-Onone";
			};
			name = Debug;
		};
		DDFFFB8029DB733D0044127A /* Release */ = {
			isa = XCBuildConfiguration;
			buildSettings = {
				ALWAYS_SEARCH_USER_PATHS = NO;
				CLANG_ANALYZER_NONNULL = YES;
				CLANG_ANALYZER_NUMBER_OBJECT_CONVERSION = YES_AGGRESSIVE;
				CLANG_CXX_LANGUAGE_STANDARD = "gnu++20";
				CLANG_ENABLE_MODULES = YES;
				CLANG_ENABLE_OBJC_ARC = YES;
				CLANG_ENABLE_OBJC_WEAK = YES;
				CLANG_WARN_BLOCK_CAPTURE_AUTORELEASING = YES;
				CLANG_WARN_BOOL_CONVERSION = YES;
				CLANG_WARN_COMMA = YES;
				CLANG_WARN_CONSTANT_CONVERSION = YES;
				CLANG_WARN_DEPRECATED_OBJC_IMPLEMENTATIONS = YES;
				CLANG_WARN_DIRECT_OBJC_ISA_USAGE = YES_ERROR;
				CLANG_WARN_DOCUMENTATION_COMMENTS = YES;
				CLANG_WARN_EMPTY_BODY = YES;
				CLANG_WARN_ENUM_CONVERSION = YES;
				CLANG_WARN_INFINITE_RECURSION = YES;
				CLANG_WARN_INT_CONVERSION = YES;
				CLANG_WARN_NON_LITERAL_NULL_CONVERSION = YES;
				CLANG_WARN_OBJC_IMPLICIT_RETAIN_SELF = YES;
				CLANG_WARN_OBJC_LITERAL_CONVERSION = YES;
				CLANG_WARN_OBJC_ROOT_CLASS = YES_ERROR;
				CLANG_WARN_QUOTED_INCLUDE_IN_FRAMEWORK_HEADER = YES;
				CLANG_WARN_RANGE_LOOP_ANALYSIS = YES;
				CLANG_WARN_STRICT_PROTOTYPES = YES;
				CLANG_WARN_SUSPICIOUS_MOVE = YES;
				CLANG_WARN_UNGUARDED_AVAILABILITY = YES_AGGRESSIVE;
				CLANG_WARN_UNREACHABLE_CODE = YES;
				CLANG_WARN__DUPLICATE_METHOD_MATCH = YES;
				COPY_PHASE_STRIP = NO;
				DEBUG_INFORMATION_FORMAT = "dwarf-with-dsym";
				ENABLE_NS_ASSERTIONS = NO;
				ENABLE_STRICT_OBJC_MSGSEND = YES;
				GCC_C_LANGUAGE_STANDARD = gnu11;
				GCC_NO_COMMON_BLOCKS = YES;
				GCC_WARN_64_TO_32_BIT_CONVERSION = YES;
				GCC_WARN_ABOUT_RETURN_TYPE = YES_ERROR;
				GCC_WARN_UNDECLARED_SELECTOR = YES;
				GCC_WARN_UNINITIALIZED_AUTOS = YES_AGGRESSIVE;
				GCC_WARN_UNUSED_FUNCTION = YES;
				GCC_WARN_UNUSED_VARIABLE = YES;
				IPHONEOS_DEPLOYMENT_TARGET = 16.4;
				MTL_ENABLE_DEBUG_INFO = NO;
				MTL_FAST_MATH = YES;
				SDKROOT = iphoneos;
				SWIFT_COMPILATION_MODE = wholemodule;
				SWIFT_OPTIMIZATION_LEVEL = "-O";
				VALIDATE_PRODUCT = YES;
			};
			name = Release;
		};
		DDFFFB8229DB733D0044127A /* Debug */ = {
			isa = XCBuildConfiguration;
			buildSettings = {
				ASSETCATALOG_COMPILER_APPICON_NAME = AppIcon;
				ASSETCATALOG_COMPILER_GLOBAL_ACCENT_COLOR_NAME = AccentColor;
				CODE_SIGN_STYLE = Automatic;
				CURRENT_PROJECT_VERSION = 1;
				DEVELOPMENT_TEAM = U36ADTMQ9B;
				GENERATE_INFOPLIST_FILE = YES;
				INFOPLIST_FILE = "Movie Searcher/Info.plist";
				INFOPLIST_KEY_LSApplicationCategoryType = "public.app-category.video";
				INFOPLIST_KEY_UIApplicationSupportsIndirectInputEvents = YES;
				INFOPLIST_KEY_UILaunchStoryboardName = LaunchScreen;
				INFOPLIST_KEY_UIMainStoryboardFile = Main;
				INFOPLIST_KEY_UISupportedInterfaceOrientations_iPad = "UIInterfaceOrientationPortrait UIInterfaceOrientationPortraitUpsideDown UIInterfaceOrientationLandscapeLeft UIInterfaceOrientationLandscapeRight";
				INFOPLIST_KEY_UISupportedInterfaceOrientations_iPhone = "UIInterfaceOrientationPortrait UIInterfaceOrientationLandscapeLeft UIInterfaceOrientationLandscapeRight";
				LD_RUNPATH_SEARCH_PATHS = (
					"$(inherited)",
					"@executable_path/Frameworks",
				);
				MARKETING_VERSION = 1.0;
				PRODUCT_BUNDLE_IDENTIFIER = "com.andrescasas.Movie-Searcher";
				PRODUCT_NAME = "$(TARGET_NAME)";
				SWIFT_EMIT_LOC_STRINGS = YES;
				SWIFT_VERSION = 5.0;
				TARGETED_DEVICE_FAMILY = "1,2";
			};
			name = Debug;
		};
		DDFFFB8329DB733D0044127A /* Release */ = {
			isa = XCBuildConfiguration;
			buildSettings = {
				ASSETCATALOG_COMPILER_APPICON_NAME = AppIcon;
				ASSETCATALOG_COMPILER_GLOBAL_ACCENT_COLOR_NAME = AccentColor;
				CODE_SIGN_STYLE = Automatic;
				CURRENT_PROJECT_VERSION = 1;
				DEVELOPMENT_TEAM = U36ADTMQ9B;
				GENERATE_INFOPLIST_FILE = YES;
				INFOPLIST_FILE = "Movie Searcher/Info.plist";
				INFOPLIST_KEY_LSApplicationCategoryType = "public.app-category.video";
				INFOPLIST_KEY_UIApplicationSupportsIndirectInputEvents = YES;
				INFOPLIST_KEY_UILaunchStoryboardName = LaunchScreen;
				INFOPLIST_KEY_UIMainStoryboardFile = Main;
				INFOPLIST_KEY_UISupportedInterfaceOrientations_iPad = "UIInterfaceOrientationPortrait UIInterfaceOrientationPortraitUpsideDown UIInterfaceOrientationLandscapeLeft UIInterfaceOrientationLandscapeRight";
				INFOPLIST_KEY_UISupportedInterfaceOrientations_iPhone = "UIInterfaceOrientationPortrait UIInterfaceOrientationLandscapeLeft UIInterfaceOrientationLandscapeRight";
				LD_RUNPATH_SEARCH_PATHS = (
					"$(inherited)",
					"@executable_path/Frameworks",
				);
				MARKETING_VERSION = 1.0;
				PRODUCT_BUNDLE_IDENTIFIER = "com.andrescasas.Movie-Searcher";
				PRODUCT_NAME = "$(TARGET_NAME)";
				SWIFT_EMIT_LOC_STRINGS = YES;
				SWIFT_VERSION = 5.0;
				TARGETED_DEVICE_FAMILY = "1,2";
			};
			name = Release;
		};
/* End XCBuildConfiguration section */

/* Begin XCConfigurationList section */
		DDFFFB6829DB733A0044127A /* Build configuration list for PBXProject "Movie Searcher" */ = {
			isa = XCConfigurationList;
			buildConfigurations = (
				DDFFFB7F29DB733D0044127A /* Debug */,
				DDFFFB8029DB733D0044127A /* Release */,
			);
			defaultConfigurationIsVisible = 0;
			defaultConfigurationName = Release;
		};
		DDFFFB8129DB733D0044127A /* Build configuration list for PBXNativeTarget "Movie Searcher" */ = {
			isa = XCConfigurationList;
			buildConfigurations = (
				DDFFFB8229DB733D0044127A /* Debug */,
				DDFFFB8329DB733D0044127A /* Release */,
			);
			defaultConfigurationIsVisible = 0;
			defaultConfigurationName = Release;
		};
/* End XCConfigurationList section */
	};
	rootObject = DDFFFB6529DB733A0044127A /* Project object */;
}
